
Microsoft Visual Studio Solution File, Format Version 12.00
# Visual Studio Version 16
VisualStudioVersion = 16.0.29424.173
MinimumVisualStudioVersion = 10.0.40219.1
Project("{8BC9CEB8-8B4A-11D0-8D11-00A0C91BC942}") = "Proiect_POO_Pb10", "Proiect_POO_Pb10\Proiect_POO_Pb10.vcxproj", "{DF168D67-1C92-4985-B0F3-E8CFF10E3B69}"
EndProject
Global
	GlobalSection(SolutionConfigurationPlatforms) = preSolution
		Debug|x64 = Debug|x64
		Debug|x86 = Debug|x86
		Release|x64 = Release|x64
		Release|x86 = Release|x86
	EndGlobalSection
	GlobalSection(ProjectConfigurationPlatforms) = postSolution
		{DF168D67-1C92-4985-B0F3-E8CFF10E3B69}.Debug|x64.ActiveCfg = Debug|x64
		{DF168D67-1C92-4985-B0F3-E8CFF10E3B69}.Debug|x64.Build.0 = Debug|x64
		{DF168D67-1C92-4985-B0F3-E8CFF10E3B69}.Debug|x86.ActiveCfg = Debug|Win32
		{DF168D67-1C92-4985-B0F3-E8CFF10E3B69}.Debug|x86.Build.0 = Debug|Win32
		{DF168D67-1C92-4985-B0F3-E8CFF10E3B69}.Release|x64.ActiveCfg = Release|x64
		{DF168D67-1C92-4985-B0F3-E8CFF10E3B69}.Release|x64.Build.0 = Release|x64
		{DF168D67-1C92-4985-B0F3-E8CFF10E3B69}.Release|x86.ActiveCfg = Release|Win32
		{DF168D67-1C92-4985-B0F3-E8CFF10E3B69}.Release|x86.Build.0 = Release|Win32
	EndGlobalSection
	GlobalSection(SolutionProperties) = preSolution
		HideSolutionNode = FALSE
	EndGlobalSection
	GlobalSection(ExtensibilityGlobals) = postSolution
		SolutionGuid = {ABA7869B-9928-4127-A137-409D386D7811}
	EndGlobalSection
EndGlobal
